
Microsoft Visual Studio Solution File, Format Version 12.00
# Visual Studio Version 16
VisualStudioVersion = 16.0.30204.135
MinimumVisualStudioVersion = 10.0.40219.1
Project("{9A19103F-16F7-4668-BE54-9A1E7A4F7556}") = "ConsistentHashingPoolExample", "ConsistentHashingPoolExample\ConsistentHashingPoolExample.csproj", "{FDDA3841-254A-4926-B965-5E270E7C18DB}"
EndProject
Global
	GlobalSection(SolutionConfigurationPlatforms) = preSolution
		Debug|Any CPU = Debug|Any CPU
		Release|Any CPU = Release|Any CPU
	EndGlobalSection
	GlobalSection(ProjectConfigurationPlatforms) = postSolution
		{FDDA3841-254A-4926-B965-5E270E7C18DB}.Debug|Any CPU.ActiveCfg = Debug|Any CPU
		{FDDA3841-254A-4926-B965-5E270E7C18DB}.Debug|Any CPU.Build.0 = Debug|Any CPU
		{FDDA3841-254A-4926-B965-5E270E7C18DB}.Release|Any CPU.ActiveCfg = Release|Any CPU
		{FDDA3841-254A-4926-B965-5E270E7C18DB}.Release|Any CPU.Build.0 = Release|Any CPU
	EndGlobalSection
	GlobalSection(SolutionProperties) = preSolution
		HideSolutionNode = FALSE
	EndGlobalSection
	GlobalSection(ExtensibilityGlobals) = postSolution
		SolutionGuid = {396FCB29-02F9-4435-919A-A675E30071EE}
	EndGlobalSection
EndGlobal
